// !$*UTF8*$!
{
	archiveVersion = 1;
	classes = {
	};
	objectVersion = 46;
	objects = {

/* Begin PBXBuildFile section */
		921FC9501D4858F000C0483D /* UMSocialLocalizable.strings in Resources */ = {isa = PBXBuildFile; fileRef = 921FC9361D4858F000C0483D /* UMSocialLocalizable.strings */; };
		921FC9511D4858F000C0483D /* libUMSocial_Sdk_5.2.1.a in Frameworks */ = {isa = PBXBuildFile; fileRef = 921FC9441D4858F000C0483D /* libUMSocial_Sdk_5.2.1.a */; };
		921FC9521D4858F000C0483D /* UMSCommentDetailController.xib in Resources */ = {isa = PBXBuildFile; fileRef = 921FC9461D4858F000C0483D /* UMSCommentDetailController.xib */; };
		921FC9531D4858F000C0483D /* UMSCommentInputController.xib in Resources */ = {isa = PBXBuildFile; fileRef = 921FC9471D4858F000C0483D /* UMSCommentInputController.xib */; };
		921FC9541D4858F000C0483D /* UMSCommentInputControlleriPad.xib in Resources */ = {isa = PBXBuildFile; fileRef = 921FC9481D4858F000C0483D /* UMSCommentInputControlleriPad.xib */; };
		921FC9551D4858F000C0483D /* UMShareEditViewController.xib in Resources */ = {isa = PBXBuildFile; fileRef = 921FC9491D4858F000C0483D /* UMShareEditViewController.xib */; };
		921FC9561D4858F000C0483D /* UMShareEditViewControlleriPad.xib in Resources */ = {isa = PBXBuildFile; fileRef = 921FC94A1D4858F000C0483D /* UMShareEditViewControlleriPad.xib */; };
		921FC9571D4858F000C0483D /* UMSLoginViewController.xib in Resources */ = {isa = PBXBuildFile; fileRef = 921FC94B1D4858F000C0483D /* UMSLoginViewController.xib */; };
		921FC9581D4858F000C0483D /* UMSnsAccountViewController.xib in Resources */ = {isa = PBXBuildFile; fileRef = 921FC94C1D4858F000C0483D /* UMSnsAccountViewController.xib */; };
		921FC9591D4858F000C0483D /* UMSShareListController.xib in Resources */ = {isa = PBXBuildFile; fileRef = 921FC94D1D4858F000C0483D /* UMSShareListController.xib */; };
		921FC95A1D4858F000C0483D /* UMSocialSDKResourcesNew.bundle in Resources */ = {isa = PBXBuildFile; fileRef = 921FC94E1D4858F000C0483D /* UMSocialSDKResourcesNew.bundle */; };
		921FC95C1D48593300C0483D /* SystemConfiguration.framework in Frameworks */ = {isa = PBXBuildFile; fileRef = 921FC95B1D48593300C0483D /* SystemConfiguration.framework */; };
		921FC95E1D48598C00C0483D /* Security.framework in Frameworks */ = {isa = PBXBuildFile; fileRef = 921FC95D1D48598C00C0483D /* Security.framework */; };
		921FC9601D4859B900C0483D /* libiconv.tbd in Frameworks */ = {isa = PBXBuildFile; fileRef = 921FC95F1D4859B900C0483D /* libiconv.tbd */; };
		921FC9621D4859CA00C0483D /* CoreGraphics.framework in Frameworks */ = {isa = PBXBuildFile; fileRef = 921FC9611D4859CA00C0483D /* CoreGraphics.framework */; };
		921FC9641D4859D700C0483D /* libsqlite3.tbd in Frameworks */ = {isa = PBXBuildFile; fileRef = 921FC9631D4859D700C0483D /* libsqlite3.tbd */; };
		921FC9661D4859F900C0483D /* CoreTelephony.framework in Frameworks */ = {isa = PBXBuildFile; fileRef = 921FC9651D4859F900C0483D /* CoreTelephony.framework */; };
		921FC9681D485A0B00C0483D /* libstdc++.tbd in Frameworks */ = {isa = PBXBuildFile; fileRef = 921FC9671D485A0B00C0483D /* libstdc++.tbd */; };
		921FC96A1D485A1300C0483D /* libz.tbd in Frameworks */ = {isa = PBXBuildFile; fileRef = 921FC9691D485A1300C0483D /* libz.tbd */; };
		921FC9731D485D5900C0483D /* libSocialWechat.a in Frameworks */ = {isa = PBXBuildFile; fileRef = 921FC96C1D485D5900C0483D /* libSocialWechat.a */; };
		921FC9741D485D5900C0483D /* libWeChatSDK.a in Frameworks */ = {isa = PBXBuildFile; fileRef = 921FC96D1D485D5900C0483D /* libWeChatSDK.a */; };
		921FC9751D485D5900C0483D /* README.txt in Resources */ = {isa = PBXBuildFile; fileRef = 921FC96E1D485D5900C0483D /* README.txt */; };
		92304C321D436BE100627100 /* WLCPraiseView.m in Sources */ = {isa = PBXBuildFile; fileRef = 92304C311D436BE100627100 /* WLCPraiseView.m */; };
		92304C371D43774200627100 /* WLCCommentView.m in Sources */ = {isa = PBXBuildFile; fileRef = 92304C361D43774200627100 /* WLCCommentView.m */; };
		923F507D1D262C6200A46AA6 /* XMLDictionary.m in Sources */ = {isa = PBXBuildFile; fileRef = 923F507C1D262C6200A46AA6 /* XMLDictionary.m */; };
		923F50811D26338000A46AA6 /* SoftwareManager.m in Sources */ = {isa = PBXBuildFile; fileRef = 923F50801D26338000A46AA6 /* SoftwareManager.m */; };
		923F50841D26367200A46AA6 /* NSObject+Networking.m in Sources */ = {isa = PBXBuildFile; fileRef = 923F50831D26367200A46AA6 /* NSObject+Networking.m */; };
		923F508F1D27727A00A46AA6 /* SoftwareItem.m in Sources */ = {isa = PBXBuildFile; fileRef = 923F508E1D27727A00A46AA6 /* SoftwareItem.m */; };
		923F50921D27BA5F00A46AA6 /* ShortcutkeyItem.m in Sources */ = {isa = PBXBuildFile; fileRef = 923F50911D27BA5F00A46AA6 /* ShortcutkeyItem.m */; };
		923F50951D27C78F00A46AA6 /* CommentItem.m in Sources */ = {isa = PBXBuildFile; fileRef = 923F50941D27C78F00A46AA6 /* CommentItem.m */; };
		923F50B21D2AC49F00A46AA6 /* NSString+WLC.m in Sources */ = {isa = PBXBuildFile; fileRef = 923F50B11D2AC49F00A46AA6 /* NSString+WLC.m */; };
		923F50B91D2B4D6800A46AA6 /* NSString+URLEncode.m in Sources */ = {isa = PBXBuildFile; fileRef = 923F50B81D2B4D6800A46AA6 /* NSString+URLEncode.m */; };
		923F50BD1D2B79F800A46AA6 /* AddCommentViewController.m in Sources */ = {isa = PBXBuildFile; fileRef = 923F50BB1D2B79F800A46AA6 /* AddCommentViewController.m */; };
		923F50BE1D2B79F800A46AA6 /* AddCommentViewController.xib in Resources */ = {isa = PBXBuildFile; fileRef = 923F50BC1D2B79F800A46AA6 /* AddCommentViewController.xib */; };
		9241A6E01D1FEF5700FF47F1 /* BaseViewController.m in Sources */ = {isa = PBXBuildFile; fileRef = 9241A6DE1D1FEF5700FF47F1 /* BaseViewController.m */; };
		9241A6E11D1FEF5700FF47F1 /* BaseViewController.xib in Resources */ = {isa = PBXBuildFile; fileRef = 9241A6DF1D1FEF5700FF47F1 /* BaseViewController.xib */; };
		9241A6FD1D20DF1A00FF47F1 /* MyFavorViewController.m in Sources */ = {isa = PBXBuildFile; fileRef = 9241A6FC1D20DF1A00FF47F1 /* MyFavorViewController.m */; };
		9241A7001D20E22900FF47F1 /* MyCreatedViewController.m in Sources */ = {isa = PBXBuildFile; fileRef = 9241A6FF1D20E22900FF47F1 /* MyCreatedViewController.m */; };
		9241A71E1D215DC100FF47F1 /* UIViewController+WLC.m in Sources */ = {isa = PBXBuildFile; fileRef = 9241A71D1D215DC100FF47F1 /* UIViewController+WLC.m */; };
		9241A7261D22182B00FF47F1 /* UIView+WLC.m in Sources */ = {isa = PBXBuildFile; fileRef = 9241A7251D22182B00FF47F1 /* UIView+WLC.m */; };
		9241A72C1D221EC600FF47F1 /* LoginManager.m in Sources */ = {isa = PBXBuildFile; fileRef = 9241A72B1D221EC600FF47F1 /* LoginManager.m */; };
		9241A72F1D221EE800FF47F1 /* UserInfo.m in Sources */ = {isa = PBXBuildFile; fileRef = 9241A72E1D221EE800FF47F1 /* UserInfo.m */; };
		92797BB31D18FB2E00EADEE4 /* SoftwareSearchViewController.m in Sources */ = {isa = PBXBuildFile; fileRef = 92797BB11D18FB2E00EADEE4 /* SoftwareSearchViewController.m */; };
		927DB9351D32A768000D94B6 /* WLCToastView.m in Sources */ = {isa = PBXBuildFile; fileRef = 927DB9331D32A768000D94B6 /* WLCToastView.m */; };
		927DB9361D32A768000D94B6 /* WLCToastView.xib in Resources */ = {isa = PBXBuildFile; fileRef = 927DB9341D32A768000D94B6 /* WLCToastView.xib */; };
		927DB93D1D32A9BD000D94B6 /* UILabel+WLC.m in Sources */ = {isa = PBXBuildFile; fileRef = 927DB93C1D32A9BD000D94B6 /* UILabel+WLC.m */; };
		927DB9401D32AA3B000D94B6 /* UIButton+WLC.m in Sources */ = {isa = PBXBuildFile; fileRef = 927DB93F1D32AA3B000D94B6 /* UIButton+WLC.m */; };
		928014B01D4CEC3B004DEA23 /* SoftwareInfoViewController.m in Sources */ = {isa = PBXBuildFile; fileRef = 928014AE1D4CEC3B004DEA23 /* SoftwareInfoViewController.m */; };
		928014B11D4CEC3B004DEA23 /* SoftwareInfoViewController.xib in Resources */ = {isa = PBXBuildFile; fileRef = 928014AF1D4CEC3B004DEA23 /* SoftwareInfoViewController.xib */; };
		92843D461D155964000F9555 /* main.m in Sources */ = {isa = PBXBuildFile; fileRef = 92843D451D155964000F9555 /* main.m */; };
		92843D491D155964000F9555 /* AppDelegate.m in Sources */ = {isa = PBXBuildFile; fileRef = 92843D481D155964000F9555 /* AppDelegate.m */; };
		92843D511D155964000F9555 /* Assets.xcassets in Resources */ = {isa = PBXBuildFile; fileRef = 92843D501D155964000F9555 /* Assets.xcassets */; };
		92843D631D155A31000F9555 /* SoftwareListViewController.m in Sources */ = {isa = PBXBuildFile; fileRef = 92843D611D155A31000F9555 /* SoftwareListViewController.m */; };
		92843D641D155A31000F9555 /* SoftwareListViewController.xib in Resources */ = {isa = PBXBuildFile; fileRef = 92843D621D155A31000F9555 /* SoftwareListViewController.xib */; };
		92843D711D1590FC000F9555 /* SoftwareCell.m in Sources */ = {isa = PBXBuildFile; fileRef = 92843D6F1D1590FC000F9555 /* SoftwareCell.m */; };
		92843D721D1590FC000F9555 /* SoftwareCell.xib in Resources */ = {isa = PBXBuildFile; fileRef = 92843D701D1590FC000F9555 /* SoftwareCell.xib */; };
		92843D7E1D159B84000F9555 /* ShortcutKeyCell.m in Sources */ = {isa = PBXBuildFile; fileRef = 92843D7C1D159B84000F9555 /* ShortcutKeyCell.m */; };
		92843D7F1D159B84000F9555 /* ShortcutKeyCell.xib in Resources */ = {isa = PBXBuildFile; fileRef = 92843D7D1D159B84000F9555 /* ShortcutKeyCell.xib */; };
		92843D831D15A032000F9555 /* ShortcutKeyViewController.m in Sources */ = {isa = PBXBuildFile; fileRef = 92843D811D15A032000F9555 /* ShortcutKeyViewController.m */; };
		92843D841D15A032000F9555 /* ShortcutKeyViewController.xib in Resources */ = {isa = PBXBuildFile; fileRef = 92843D821D15A032000F9555 /* ShortcutKeyViewController.xib */; };
		92843D8A1D162588000F9555 /* AddShortcutViewController.m in Sources */ = {isa = PBXBuildFile; fileRef = 92843D881D162588000F9555 /* AddShortcutViewController.m */; };
		92843D8B1D162588000F9555 /* AddShortcutViewController.xib in Resources */ = {isa = PBXBuildFile; fileRef = 92843D891D162588000F9555 /* AddShortcutViewController.xib */; };
		92843D8F1D1626E4000F9555 /* AddShortcutTableViewCell.m in Sources */ = {isa = PBXBuildFile; fileRef = 92843D8D1D1626E4000F9555 /* AddShortcutTableViewCell.m */; };
		92843D901D1626E4000F9555 /* AddShortcutTableViewCell.xib in Resources */ = {isa = PBXBuildFile; fileRef = 92843D8E1D1626E4000F9555 /* AddShortcutTableViewCell.xib */; };
		929A46DA1D501A3000882690 /* LaunchScreen.xib in Resources */ = {isa = PBXBuildFile; fileRef = 929A46D91D501A3000882690 /* LaunchScreen.xib */; };
		92B95DFD1D38AA1600E48581 /* OnePixelHeightView.m in Sources */ = {isa = PBXBuildFile; fileRef = 92B95DFC1D38AA1600E48581 /* OnePixelHeightView.m */; };
		92B95E071D39B61500E48581 /* EmptyView.m in Sources */ = {isa = PBXBuildFile; fileRef = 92B95E061D39B61500E48581 /* EmptyView.m */; };
		92B95E091D39B62F00E48581 /* EmptyView.xib in Resources */ = {isa = PBXBuildFile; fileRef = 92B95E081D39B62F00E48581 /* EmptyView.xib */; };
		92BF5C241D1BC90A000FA2A8 /* LoginViewController.m in Sources */ = {isa = PBXBuildFile; fileRef = 92BF5C221D1BC90A000FA2A8 /* LoginViewController.m */; };
		92BF5C251D1BC90A000FA2A8 /* LoginViewController.xib in Resources */ = {isa = PBXBuildFile; fileRef = 92BF5C231D1BC90A000FA2A8 /* LoginViewController.xib */; };
		92BF5C601D1CE33D000FA2A8 /* CommentViewController.m in Sources */ = {isa = PBXBuildFile; fileRef = 92BF5C5E1D1CE33D000FA2A8 /* CommentViewController.m */; };
		92BF5C611D1CE33D000FA2A8 /* CommentViewController.xib in Resources */ = {isa = PBXBuildFile; fileRef = 92BF5C5F1D1CE33D000FA2A8 /* CommentViewController.xib */; };
		92BF5C691D1D1586000FA2A8 /* CommentTableViewCell.m in Sources */ = {isa = PBXBuildFile; fileRef = 92BF5C671D1D1586000FA2A8 /* CommentTableViewCell.m */; };
		92BF5C6A1D1D1586000FA2A8 /* CommentTableViewCell.xib in Resources */ = {isa = PBXBuildFile; fileRef = 92BF5C681D1D1586000FA2A8 /* CommentTableViewCell.xib */; };
		92BF5C721D1D367C000FA2A8 /* AboutMeViewController.m in Sources */ = {isa = PBXBuildFile; fileRef = 92BF5C701D1D367C000FA2A8 /* AboutMeViewController.m */; };
		92BF5C731D1D367C000FA2A8 /* AboutMeViewController.xib in Resources */ = {isa = PBXBuildFile; fileRef = 92BF5C711D1D367C000FA2A8 /* AboutMeViewController.xib */; };
		B293D00E6154CC3C80DDB633 /* Pods_ShortcutKeyBook.framework in Frameworks */ = {isa = PBXBuildFile; fileRef = 9C8F17AD009B7BFCE1BD27BC /* Pods_ShortcutKeyBook.framework */; };
/* End PBXBuildFile section */

/* Begin PBXFileReference section */
		6728C3EF5DFEE488CDC5B3E1 /* Pods-ShortcutKeyBook.release.xcconfig */ = {isa = PBXFileReference; includeInIndex = 1; lastKnownFileType = text.xcconfig; name = "Pods-ShortcutKeyBook.release.xcconfig"; path = "Pods/Target Support Files/Pods-ShortcutKeyBook/Pods-ShortcutKeyBook.release.xcconfig"; sourceTree = "<group>"; };
		7B5BDAAB39E570D1BD3FE1C0 /* Pods-ShortcutKeyBook.debug.xcconfig */ = {isa = PBXFileReference; includeInIndex = 1; lastKnownFileType = text.xcconfig; name = "Pods-ShortcutKeyBook.debug.xcconfig"; path = "Pods/Target Support Files/Pods-ShortcutKeyBook/Pods-ShortcutKeyBook.debug.xcconfig"; sourceTree = "<group>"; };
		921FC9371D4858F000C0483D /* en */ = {isa = PBXFileReference; lastKnownFileType = text.plist.strings; name = en; path = en.lproj/UMSocialLocalizable.strings; sourceTree = "<group>"; };
		921FC9391D4858F000C0483D /* UMSocial.h */ = {isa = PBXFileReference; fileEncoding = 4; lastKnownFileType = sourcecode.c.h; path = UMSocial.h; sourceTree = "<group>"; };
		921FC93A1D4858F000C0483D /* UMSocialAccountManager.h */ = {isa = PBXFileReference; fileEncoding = 4; lastKnownFileType = sourcecode.c.h; path = UMSocialAccountManager.h; sourceTree = "<group>"; };
		921FC93B1D4858F000C0483D /* UMSocialBar.h */ = {isa = PBXFileReference; fileEncoding = 4; lastKnownFileType = sourcecode.c.h; path = UMSocialBar.h; sourceTree = "<group>"; };
		921FC93C1D4858F000C0483D /* UMSocialConfig.h */ = {isa = PBXFileReference; fileEncoding = 4; lastKnownFileType = sourcecode.c.h; path = UMSocialConfig.h; sourceTree = "<group>"; };
		921FC93D1D4858F000C0483D /* UMSocialControllerService.h */ = {isa = PBXFileReference; fileEncoding = 4; lastKnownFileType = sourcecode.c.h; path = UMSocialControllerService.h; sourceTree = "<group>"; };
		921FC93E1D4858F000C0483D /* UMSocialControllerServiceComment.h */ = {isa = PBXFileReference; fileEncoding = 4; lastKnownFileType = sourcecode.c.h; path = UMSocialControllerServiceComment.h; sourceTree = "<group>"; };
		921FC93F1D4858F000C0483D /* UMSocialData.h */ = {isa = PBXFileReference; fileEncoding = 4; lastKnownFileType = sourcecode.c.h; path = UMSocialData.h; sourceTree = "<group>"; };
		921FC9401D4858F000C0483D /* UMSocialDataService.h */ = {isa = PBXFileReference; fileEncoding = 4; lastKnownFileType = sourcecode.c.h; path = UMSocialDataService.h; sourceTree = "<group>"; };
		921FC9411D4858F000C0483D /* UMSocialSnsData.h */ = {isa = PBXFileReference; fileEncoding = 4; lastKnownFileType = sourcecode.c.h; path = UMSocialSnsData.h; sourceTree = "<group>"; };
		921FC9421D4858F000C0483D /* UMSocialSnsPlatformManager.h */ = {isa = PBXFileReference; fileEncoding = 4; lastKnownFileType = sourcecode.c.h; path = UMSocialSnsPlatformManager.h; sourceTree = "<group>"; };
		921FC9431D4858F000C0483D /* UMSocialSnsService.h */ = {isa = PBXFileReference; fileEncoding = 4; lastKnownFileType = sourcecode.c.h; path = UMSocialSnsService.h; sourceTree = "<group>"; };
		921FC9441D4858F000C0483D /* libUMSocial_Sdk_5.2.1.a */ = {isa = PBXFileReference; lastKnownFileType = archive.ar; path = libUMSocial_Sdk_5.2.1.a; sourceTree = "<group>"; };
		921FC9461D4858F000C0483D /* UMSCommentDetailController.xib */ = {isa = PBXFileReference; fileEncoding = 4; lastKnownFileType = file.xib; path = UMSCommentDetailController.xib; sourceTree = "<group>"; };
		921FC9471D4858F000C0483D /* UMSCommentInputController.xib */ = {isa = PBXFileReference; fileEncoding = 4; lastKnownFileType = file.xib; path = UMSCommentInputController.xib; sourceTree = "<group>"; };
		921FC9481D4858F000C0483D /* UMSCommentInputControlleriPad.xib */ = {isa = PBXFileReference; fileEncoding = 4; lastKnownFileType = file.xib; path = UMSCommentInputControlleriPad.xib; sourceTree = "<group>"; };
		921FC9491D4858F000C0483D /* UMShareEditViewController.xib */ = {isa = PBXFileReference; fileEncoding = 4; lastKnownFileType = file.xib; path = UMShareEditViewController.xib; sourceTree = "<group>"; };
		921FC94A1D4858F000C0483D /* UMShareEditViewControlleriPad.xib */ = {isa = PBXFileReference; fileEncoding = 4; lastKnownFileType = file.xib; path = UMShareEditViewControlleriPad.xib; sourceTree = "<group>"; };
		921FC94B1D4858F000C0483D /* UMSLoginViewController.xib */ = {isa = PBXFileReference; fileEncoding = 4; lastKnownFileType = file.xib; path = UMSLoginViewController.xib; sourceTree = "<group>"; };
		921FC94C1D4858F000C0483D /* UMSnsAccountViewController.xib */ = {isa = PBXFileReference; fileEncoding = 4; lastKnownFileType = file.xib; path = UMSnsAccountViewController.xib; sourceTree = "<group>"; };
		921FC94D1D4858F000C0483D /* UMSShareListController.xib */ = {isa = PBXFileReference; fileEncoding = 4; lastKnownFileType = file.xib; path = UMSShareListController.xib; sourceTree = "<group>"; };
		921FC94E1D4858F000C0483D /* UMSocialSDKResourcesNew.bundle */ = {isa = PBXFileReference; lastKnownFileType = "wrapper.plug-in"; path = UMSocialSDKResourcesNew.bundle; sourceTree = "<group>"; };
		921FC94F1D4858F000C0483D /* zh-Hans */ = {isa = PBXFileReference; lastKnownFileType = text.plist.strings; name = "zh-Hans"; path = "zh-Hans.lproj/UMSocialLocalizable.strings"; sourceTree = "<group>"; };
		921FC95B1D48593300C0483D /* SystemConfiguration.framework */ = {isa = PBXFileReference; lastKnownFileType = wrapper.framework; name = SystemConfiguration.framework; path = System/Library/Frameworks/SystemConfiguration.framework; sourceTree = SDKROOT; };
		921FC95D1D48598C00C0483D /* Security.framework */ = {isa = PBXFileReference; lastKnownFileType = wrapper.framework; name = Security.framework; path = System/Library/Frameworks/Security.framework; sourceTree = SDKROOT; };
		921FC95F1D4859B900C0483D /* libiconv.tbd */ = {isa = PBXFileReference; lastKnownFileType = "sourcecode.text-based-dylib-definition"; name = libiconv.tbd; path = usr/lib/libiconv.tbd; sourceTree = SDKROOT; };
		921FC9611D4859CA00C0483D /* CoreGraphics.framework */ = {isa = PBXFileReference; lastKnownFileType = wrapper.framework; name = CoreGraphics.framework; path = System/Library/Frameworks/CoreGraphics.framework; sourceTree = SDKROOT; };
		921FC9631D4859D700C0483D /* libsqlite3.tbd */ = {isa = PBXFileReference; lastKnownFileType = "sourcecode.text-based-dylib-definition"; name = libsqlite3.tbd; path = usr/lib/libsqlite3.tbd; sourceTree = SDKROOT; };
		921FC9651D4859F900C0483D /* CoreTelephony.framework */ = {isa = PBXFileReference; lastKnownFileType = wrapper.framework; name = CoreTelephony.framework; path = System/Library/Frameworks/CoreTelephony.framework; sourceTree = SDKROOT; };
		921FC9671D485A0B00C0483D /* libstdc++.tbd */ = {isa = PBXFileReference; lastKnownFileType = "sourcecode.text-based-dylib-definition"; name = "libstdc++.tbd"; path = "usr/lib/libstdc++.tbd"; sourceTree = SDKROOT; };
		921FC9691D485A1300C0483D /* libz.tbd */ = {isa = PBXFileReference; lastKnownFileType = "sourcecode.text-based-dylib-definition"; name = libz.tbd; path = usr/lib/libz.tbd; sourceTree = SDKROOT; };
		921FC96C1D485D5900C0483D /* libSocialWechat.a */ = {isa = PBXFileReference; lastKnownFileType = archive.ar; path = libSocialWechat.a; sourceTree = "<group>"; };
		921FC96D1D485D5900C0483D /* libWeChatSDK.a */ = {isa = PBXFileReference; lastKnownFileType = archive.ar; path = libWeChatSDK.a; sourceTree = "<group>"; };
		921FC96E1D485D5900C0483D /* README.txt */ = {isa = PBXFileReference; fileEncoding = 4; lastKnownFileType = text; path = README.txt; sourceTree = "<group>"; };
		921FC96F1D485D5900C0483D /* UMSocialWechatHandler.h */ = {isa = PBXFileReference; fileEncoding = 4; lastKnownFileType = sourcecode.c.h; path = UMSocialWechatHandler.h; sourceTree = "<group>"; };
		921FC9701D485D5900C0483D /* WechatAuthSDK.h */ = {isa = PBXFileReference; fileEncoding = 4; lastKnownFileType = sourcecode.c.h; path = WechatAuthSDK.h; sourceTree = "<group>"; };
		921FC9711D485D5900C0483D /* WXApi.h */ = {isa = PBXFileReference; fileEncoding = 4; lastKnownFileType = sourcecode.c.h; path = WXApi.h; sourceTree = "<group>"; };
		921FC9721D485D5900C0483D /* WXApiObject.h */ = {isa = PBXFileReference; fileEncoding = 4; lastKnownFileType = sourcecode.c.h; path = WXApiObject.h; sourceTree = "<group>"; };
		92304C301D436BE100627100 /* WLCPraiseView.h */ = {isa = PBXFileReference; fileEncoding = 4; lastKnownFileType = sourcecode.c.h; path = WLCPraiseView.h; sourceTree = "<group>"; };
		92304C311D436BE100627100 /* WLCPraiseView.m */ = {isa = PBXFileReference; fileEncoding = 4; lastKnownFileType = sourcecode.c.objc; path = WLCPraiseView.m; sourceTree = "<group>"; };
		92304C351D43774200627100 /* WLCCommentView.h */ = {isa = PBXFileReference; fileEncoding = 4; lastKnownFileType = sourcecode.c.h; path = WLCCommentView.h; sourceTree = "<group>"; };
		92304C361D43774200627100 /* WLCCommentView.m */ = {isa = PBXFileReference; fileEncoding = 4; lastKnownFileType = sourcecode.c.objc; path = WLCCommentView.m; sourceTree = "<group>"; };
		923F507B1D262C6200A46AA6 /* XMLDictionary.h */ = {isa = PBXFileReference; fileEncoding = 4; lastKnownFileType = sourcecode.c.h; path = XMLDictionary.h; sourceTree = "<group>"; };
		923F507C1D262C6200A46AA6 /* XMLDictionary.m */ = {isa = PBXFileReference; fileEncoding = 4; lastKnownFileType = sourcecode.c.objc; path = XMLDictionary.m; sourceTree = "<group>"; };
		923F507F1D26338000A46AA6 /* SoftwareManager.h */ = {isa = PBXFileReference; fileEncoding = 4; lastKnownFileType = sourcecode.c.h; path = SoftwareManager.h; sourceTree = "<group>"; };
		923F50801D26338000A46AA6 /* SoftwareManager.m */ = {isa = PBXFileReference; fileEncoding = 4; lastKnownFileType = sourcecode.c.objc; path = SoftwareManager.m; sourceTree = "<group>"; };
		923F50821D26367200A46AA6 /* NSObject+Networking.h */ = {isa = PBXFileReference; fileEncoding = 4; lastKnownFileType = sourcecode.c.h; path = "NSObject+Networking.h"; sourceTree = "<group>"; };
		923F50831D26367200A46AA6 /* NSObject+Networking.m */ = {isa = PBXFileReference; fileEncoding = 4; lastKnownFileType = sourcecode.c.objc; path = "NSObject+Networking.m"; sourceTree = "<group>"; };
		923F508D1D27727A00A46AA6 /* SoftwareItem.h */ = {isa = PBXFileReference; fileEncoding = 4; lastKnownFileType = sourcecode.c.h; path = SoftwareItem.h; sourceTree = "<group>"; };
		923F508E1D27727A00A46AA6 /* SoftwareItem.m */ = {isa = PBXFileReference; fileEncoding = 4; lastKnownFileType = sourcecode.c.objc; path = SoftwareItem.m; sourceTree = "<group>"; };
		923F50901D27BA5F00A46AA6 /* ShortcutkeyItem.h */ = {isa = PBXFileReference; fileEncoding = 4; lastKnownFileType = sourcecode.c.h; path = ShortcutkeyItem.h; sourceTree = "<group>"; };
		923F50911D27BA5F00A46AA6 /* ShortcutkeyItem.m */ = {isa = PBXFileReference; fileEncoding = 4; lastKnownFileType = sourcecode.c.objc; path = ShortcutkeyItem.m; sourceTree = "<group>"; };
		923F50931D27C78F00A46AA6 /* CommentItem.h */ = {isa = PBXFileReference; fileEncoding = 4; lastKnownFileType = sourcecode.c.h; path = CommentItem.h; sourceTree = "<group>"; };
		923F50941D27C78F00A46AA6 /* CommentItem.m */ = {isa = PBXFileReference; fileEncoding = 4; lastKnownFileType = sourcecode.c.objc; path = CommentItem.m; sourceTree = "<group>"; };
		923F50B01D2AC49F00A46AA6 /* NSString+WLC.h */ = {isa = PBXFileReference; fileEncoding = 4; lastKnownFileType = sourcecode.c.h; path = "NSString+WLC.h"; sourceTree = "<group>"; };
		923F50B11D2AC49F00A46AA6 /* NSString+WLC.m */ = {isa = PBXFileReference; fileEncoding = 4; lastKnownFileType = sourcecode.c.objc; path = "NSString+WLC.m"; sourceTree = "<group>"; };
		923F50B71D2B4D6800A46AA6 /* NSString+URLEncode.h */ = {isa = PBXFileReference; fileEncoding = 4; lastKnownFileType = sourcecode.c.h; path = "NSString+URLEncode.h"; sourceTree = "<group>"; };
		923F50B81D2B4D6800A46AA6 /* NSString+URLEncode.m */ = {isa = PBXFileReference; fileEncoding = 4; lastKnownFileType = sourcecode.c.objc; path = "NSString+URLEncode.m"; sourceTree = "<group>"; };
		923F50BA1D2B79F800A46AA6 /* AddCommentViewController.h */ = {isa = PBXFileReference; fileEncoding = 4; lastKnownFileType = sourcecode.c.h; path = AddCommentViewController.h; sourceTree = "<group>"; };
		923F50BB1D2B79F800A46AA6 /* AddCommentViewController.m */ = {isa = PBXFileReference; fileEncoding = 4; lastKnownFileType = sourcecode.c.objc; path = AddCommentViewController.m; sourceTree = "<group>"; };
		923F50BC1D2B79F800A46AA6 /* AddCommentViewController.xib */ = {isa = PBXFileReference; fileEncoding = 4; lastKnownFileType = file.xib; path = AddCommentViewController.xib; sourceTree = "<group>"; };
		9241A6DD1D1FEF5700FF47F1 /* BaseViewController.h */ = {isa = PBXFileReference; fileEncoding = 4; lastKnownFileType = sourcecode.c.h; path = BaseViewController.h; sourceTree = "<group>"; };
		9241A6DE1D1FEF5700FF47F1 /* BaseViewController.m */ = {isa = PBXFileReference; fileEncoding = 4; lastKnownFileType = sourcecode.c.objc; path = BaseViewController.m; sourceTree = "<group>"; };
		9241A6DF1D1FEF5700FF47F1 /* BaseViewController.xib */ = {isa = PBXFileReference; fileEncoding = 4; lastKnownFileType = file.xib; path = BaseViewController.xib; sourceTree = "<group>"; };
		9241A6FB1D20DF1A00FF47F1 /* MyFavorViewController.h */ = {isa = PBXFileReference; fileEncoding = 4; lastKnownFileType = sourcecode.c.h; path = MyFavorViewController.h; sourceTree = "<group>"; };
		9241A6FC1D20DF1A00FF47F1 /* MyFavorViewController.m */ = {isa = PBXFileReference; fileEncoding = 4; lastKnownFileType = sourcecode.c.objc; path = MyFavorViewController.m; sourceTree = "<group>"; };
		9241A6FE1D20E22900FF47F1 /* MyCreatedViewController.h */ = {isa = PBXFileReference; fileEncoding = 4; lastKnownFileType = sourcecode.c.h; path = MyCreatedViewController.h; sourceTree = "<group>"; };
		9241A6FF1D20E22900FF47F1 /* MyCreatedViewController.m */ = {isa = PBXFileReference; fileEncoding = 4; lastKnownFileType = sourcecode.c.objc; path = MyCreatedViewController.m; sourceTree = "<group>"; };
		9241A71C1D215DC100FF47F1 /* UIViewController+WLC.h */ = {isa = PBXFileReference; fileEncoding = 4; lastKnownFileType = sourcecode.c.h; path = "UIViewController+WLC.h"; sourceTree = "<group>"; };
		9241A71D1D215DC100FF47F1 /* UIViewController+WLC.m */ = {isa = PBXFileReference; fileEncoding = 4; lastKnownFileType = sourcecode.c.objc; path = "UIViewController+WLC.m"; sourceTree = "<group>"; };
		9241A7231D2213A500FF47F1 /* PrefixHeader.pch */ = {isa = PBXFileReference; lastKnownFileType = sourcecode.c.h; path = PrefixHeader.pch; sourceTree = "<group>"; };
		9241A7241D22182B00FF47F1 /* UIView+WLC.h */ = {isa = PBXFileReference; fileEncoding = 4; lastKnownFileType = sourcecode.c.h; path = "UIView+WLC.h"; sourceTree = "<group>"; };
		9241A7251D22182B00FF47F1 /* UIView+WLC.m */ = {isa = PBXFileReference; fileEncoding = 4; lastKnownFileType = sourcecode.c.objc; path = "UIView+WLC.m"; sourceTree = "<group>"; };
		9241A7271D2218E000FF47F1 /* WLC.h */ = {isa = PBXFileReference; lastKnownFileType = sourcecode.c.h; path = WLC.h; sourceTree = "<group>"; };
		9241A72A1D221EC600FF47F1 /* LoginManager.h */ = {isa = PBXFileReference; fileEncoding = 4; lastKnownFileType = sourcecode.c.h; path = LoginManager.h; sourceTree = "<group>"; };
		9241A72B1D221EC600FF47F1 /* LoginManager.m */ = {isa = PBXFileReference; fileEncoding = 4; lastKnownFileType = sourcecode.c.objc; path = LoginManager.m; sourceTree = "<group>"; };
		9241A72D1D221EE800FF47F1 /* UserInfo.h */ = {isa = PBXFileReference; fileEncoding = 4; lastKnownFileType = sourcecode.c.h; path = UserInfo.h; sourceTree = "<group>"; };
		9241A72E1D221EE800FF47F1 /* UserInfo.m */ = {isa = PBXFileReference; fileEncoding = 4; lastKnownFileType = sourcecode.c.objc; path = UserInfo.m; sourceTree = "<group>"; };
		9241A7301D22274F00FF47F1 /* Constants.h */ = {isa = PBXFileReference; lastKnownFileType = sourcecode.c.h; path = Constants.h; sourceTree = "<group>"; };
		92797BB01D18FB2E00EADEE4 /* SoftwareSearchViewController.h */ = {isa = PBXFileReference; fileEncoding = 4; lastKnownFileType = sourcecode.c.h; path = SoftwareSearchViewController.h; sourceTree = "<group>"; };
		92797BB11D18FB2E00EADEE4 /* SoftwareSearchViewController.m */ = {isa = PBXFileReference; fileEncoding = 4; lastKnownFileType = sourcecode.c.objc; path = SoftwareSearchViewController.m; sourceTree = "<group>"; };
		927DB9321D32A768000D94B6 /* WLCToastView.h */ = {isa = PBXFileReference; fileEncoding = 4; lastKnownFileType = sourcecode.c.h; path = WLCToastView.h; sourceTree = "<group>"; };
		927DB9331D32A768000D94B6 /* WLCToastView.m */ = {isa = PBXFileReference; fileEncoding = 4; lastKnownFileType = sourcecode.c.objc; path = WLCToastView.m; sourceTree = "<group>"; };
		927DB9341D32A768000D94B6 /* WLCToastView.xib */ = {isa = PBXFileReference; fileEncoding = 4; lastKnownFileType = file.xib; path = WLCToastView.xib; sourceTree = "<group>"; };
		927DB93B1D32A9BD000D94B6 /* UILabel+WLC.h */ = {isa = PBXFileReference; fileEncoding = 4; lastKnownFileType = sourcecode.c.h; path = "UILabel+WLC.h"; sourceTree = "<group>"; };
		927DB93C1D32A9BD000D94B6 /* UILabel+WLC.m */ = {isa = PBXFileReference; fileEncoding = 4; lastKnownFileType = sourcecode.c.objc; path = "UILabel+WLC.m"; sourceTree = "<group>"; };
		927DB93E1D32AA3B000D94B6 /* UIButton+WLC.h */ = {isa = PBXFileReference; fileEncoding = 4; lastKnownFileType = sourcecode.c.h; path = "UIButton+WLC.h"; sourceTree = "<group>"; };
		927DB93F1D32AA3B000D94B6 /* UIButton+WLC.m */ = {isa = PBXFileReference; fileEncoding = 4; lastKnownFileType = sourcecode.c.objc; path = "UIButton+WLC.m"; sourceTree = "<group>"; };
		928014AD1D4CEC3B004DEA23 /* SoftwareInfoViewController.h */ = {isa = PBXFileReference; fileEncoding = 4; lastKnownFileType = sourcecode.c.h; path = SoftwareInfoViewController.h; sourceTree = "<group>"; };
		928014AE1D4CEC3B004DEA23 /* SoftwareInfoViewController.m */ = {isa = PBXFileReference; fileEncoding = 4; lastKnownFileType = sourcecode.c.objc; path = SoftwareInfoViewController.m; sourceTree = "<group>"; };
		928014AF1D4CEC3B004DEA23 /* SoftwareInfoViewController.xib */ = {isa = PBXFileReference; fileEncoding = 4; lastKnownFileType = file.xib; path = SoftwareInfoViewController.xib; sourceTree = "<group>"; };
		92843D411D155964000F9555 /* ShortcutKeyBook.app */ = {isa = PBXFileReference; explicitFileType = wrapper.application; includeInIndex = 0; path = ShortcutKeyBook.app; sourceTree = BUILT_PRODUCTS_DIR; };
		92843D451D155964000F9555 /* main.m */ = {isa = PBXFileReference; lastKnownFileType = sourcecode.c.objc; path = main.m; sourceTree = "<group>"; };
		92843D471D155964000F9555 /* AppDelegate.h */ = {isa = PBXFileReference; lastKnownFileType = sourcecode.c.h; path = AppDelegate.h; sourceTree = "<group>"; };
		92843D481D155964000F9555 /* AppDelegate.m */ = {isa = PBXFileReference; lastKnownFileType = sourcecode.c.objc; path = AppDelegate.m; sourceTree = "<group>"; };
		92843D501D155964000F9555 /* Assets.xcassets */ = {isa = PBXFileReference; lastKnownFileType = folder.assetcatalog; path = Assets.xcassets; sourceTree = "<group>"; };
		92843D551D155964000F9555 /* Info.plist */ = {isa = PBXFileReference; lastKnownFileType = text.plist.xml; path = Info.plist; sourceTree = "<group>"; };
		92843D601D155A31000F9555 /* SoftwareListViewController.h */ = {isa = PBXFileReference; fileEncoding = 4; lastKnownFileType = sourcecode.c.h; path = SoftwareListViewController.h; sourceTree = "<group>"; };
		92843D611D155A31000F9555 /* SoftwareListViewController.m */ = {isa = PBXFileReference; fileEncoding = 4; lastKnownFileType = sourcecode.c.objc; path = SoftwareListViewController.m; sourceTree = "<group>"; };
		92843D621D155A31000F9555 /* SoftwareListViewController.xib */ = {isa = PBXFileReference; fileEncoding = 4; lastKnownFileType = file.xib; path = SoftwareListViewController.xib; sourceTree = "<group>"; };
		92843D6E1D1590FC000F9555 /* SoftwareCell.h */ = {isa = PBXFileReference; fileEncoding = 4; lastKnownFileType = sourcecode.c.h; path = SoftwareCell.h; sourceTree = "<group>"; };
		92843D6F1D1590FC000F9555 /* SoftwareCell.m */ = {isa = PBXFileReference; fileEncoding = 4; lastKnownFileType = sourcecode.c.objc; path = SoftwareCell.m; sourceTree = "<group>"; };
		92843D701D1590FC000F9555 /* SoftwareCell.xib */ = {isa = PBXFileReference; fileEncoding = 4; lastKnownFileType = file.xib; path = SoftwareCell.xib; sourceTree = "<group>"; };
		92843D7B1D159B84000F9555 /* ShortcutKeyCell.h */ = {isa = PBXFileReference; fileEncoding = 4; lastKnownFileType = sourcecode.c.h; path = ShortcutKeyCell.h; sourceTree = "<group>"; };
		92843D7C1D159B84000F9555 /* ShortcutKeyCell.m */ = {isa = PBXFileReference; fileEncoding = 4; lastKnownFileType = sourcecode.c.objc; path = ShortcutKeyCell.m; sourceTree = "<group>"; };
		92843D7D1D159B84000F9555 /* ShortcutKeyCell.xib */ = {isa = PBXFileReference; fileEncoding = 4; lastKnownFileType = file.xib; path = ShortcutKeyCell.xib; sourceTree = "<group>"; };
		92843D801D15A032000F9555 /* ShortcutKeyViewController.h */ = {isa = PBXFileReference; fileEncoding = 4; lastKnownFileType = sourcecode.c.h; path = ShortcutKeyViewController.h; sourceTree = "<group>"; };
		92843D811D15A032000F9555 /* ShortcutKeyViewController.m */ = {isa = PBXFileReference; fileEncoding = 4; lastKnownFileType = sourcecode.c.objc; path = ShortcutKeyViewController.m; sourceTree = "<group>"; };
		92843D821D15A032000F9555 /* ShortcutKeyViewController.xib */ = {isa = PBXFileReference; fileEncoding = 4; lastKnownFileType = file.xib; path = ShortcutKeyViewController.xib; sourceTree = "<group>"; };
		92843D871D162588000F9555 /* AddShortcutViewController.h */ = {isa = PBXFileReference; fileEncoding = 4; lastKnownFileType = sourcecode.c.h; path = AddShortcutViewController.h; sourceTree = "<group>"; };
		92843D881D162588000F9555 /* AddShortcutViewController.m */ = {isa = PBXFileReference; fileEncoding = 4; lastKnownFileType = sourcecode.c.objc; path = AddShortcutViewController.m; sourceTree = "<group>"; };
		92843D891D162588000F9555 /* AddShortcutViewController.xib */ = {isa = PBXFileReference; fileEncoding = 4; lastKnownFileType = file.xib; path = AddShortcutViewController.xib; sourceTree = "<group>"; };
		92843D8C1D1626E4000F9555 /* AddShortcutTableViewCell.h */ = {isa = PBXFileReference; fileEncoding = 4; lastKnownFileType = sourcecode.c.h; path = AddShortcutTableViewCell.h; sourceTree = "<group>"; };
		92843D8D1D1626E4000F9555 /* AddShortcutTableViewCell.m */ = {isa = PBXFileReference; fileEncoding = 4; lastKnownFileType = sourcecode.c.objc; path = AddShortcutTableViewCell.m; sourceTree = "<group>"; };
		92843D8E1D1626E4000F9555 /* AddShortcutTableViewCell.xib */ = {isa = PBXFileReference; fileEncoding = 4; lastKnownFileType = file.xib; path = AddShortcutTableViewCell.xib; sourceTree = "<group>"; };
		929A46D91D501A3000882690 /* LaunchScreen.xib */ = {isa = PBXFileReference; fileEncoding = 4; lastKnownFileType = file.xib; path = LaunchScreen.xib; sourceTree = "<group>"; };
		92B95DFB1D38AA1600E48581 /* OnePixelHeightView.h */ = {isa = PBXFileReference; fileEncoding = 4; lastKnownFileType = sourcecode.c.h; path = OnePixelHeightView.h; sourceTree = "<group>"; };
		92B95DFC1D38AA1600E48581 /* OnePixelHeightView.m */ = {isa = PBXFileReference; fileEncoding = 4; lastKnownFileType = sourcecode.c.objc; path = OnePixelHeightView.m; sourceTree = "<group>"; };
		92B95E051D39B61500E48581 /* EmptyView.h */ = {isa = PBXFileReference; fileEncoding = 4; lastKnownFileType = sourcecode.c.h; path = EmptyView.h; sourceTree = "<group>"; };
		92B95E061D39B61500E48581 /* EmptyView.m */ = {isa = PBXFileReference; fileEncoding = 4; lastKnownFileType = sourcecode.c.objc; path = EmptyView.m; sourceTree = "<group>"; };
		92B95E081D39B62F00E48581 /* EmptyView.xib */ = {isa = PBXFileReference; fileEncoding = 4; lastKnownFileType = file.xib; path = EmptyView.xib; sourceTree = "<group>"; };
		92BF5C211D1BC90A000FA2A8 /* LoginViewController.h */ = {isa = PBXFileReference; fileEncoding = 4; lastKnownFileType = sourcecode.c.h; path = LoginViewController.h; sourceTree = "<group>"; };
		92BF5C221D1BC90A000FA2A8 /* LoginViewController.m */ = {isa = PBXFileReference; fileEncoding = 4; lastKnownFileType = sourcecode.c.objc; path = LoginViewController.m; sourceTree = "<group>"; };
		92BF5C231D1BC90A000FA2A8 /* LoginViewController.xib */ = {isa = PBXFileReference; fileEncoding = 4; lastKnownFileType = file.xib; path = LoginViewController.xib; sourceTree = "<group>"; };
		92BF5C5D1D1CE33D000FA2A8 /* CommentViewController.h */ = {isa = PBXFileReference; fileEncoding = 4; lastKnownFileType = sourcecode.c.h; path = CommentViewController.h; sourceTree = "<group>"; };
		92BF5C5E1D1CE33D000FA2A8 /* CommentViewController.m */ = {isa = PBXFileReference; fileEncoding = 4; lastKnownFileType = sourcecode.c.objc; path = CommentViewController.m; sourceTree = "<group>"; };
		92BF5C5F1D1CE33D000FA2A8 /* CommentViewController.xib */ = {isa = PBXFileReference; fileEncoding = 4; lastKnownFileType = file.xib; path = CommentViewController.xib; sourceTree = "<group>"; };
		92BF5C661D1D1586000FA2A8 /* CommentTableViewCell.h */ = {isa = PBXFileReference; fileEncoding = 4; lastKnownFileType = sourcecode.c.h; path = CommentTableViewCell.h; sourceTree = "<group>"; };
		92BF5C671D1D1586000FA2A8 /* CommentTableViewCell.m */ = {isa = PBXFileReference; fileEncoding = 4; lastKnownFileType = sourcecode.c.objc; path = CommentTableViewCell.m; sourceTree = "<group>"; };
		92BF5C681D1D1586000FA2A8 /* CommentTableViewCell.xib */ = {isa = PBXFileReference; fileEncoding = 4; lastKnownFileType = file.xib; path = CommentTableViewCell.xib; sourceTree = "<group>"; };
		92BF5C6F1D1D367C000FA2A8 /* AboutMeViewController.h */ = {isa = PBXFileReference; fileEncoding = 4; lastKnownFileType = sourcecode.c.h; path = AboutMeViewController.h; sourceTree = "<group>"; };
		92BF5C701D1D367C000FA2A8 /* AboutMeViewController.m */ = {isa = PBXFileReference; fileEncoding = 4; lastKnownFileType = sourcecode.c.objc; path = AboutMeViewController.m; sourceTree = "<group>"; };
		92BF5C711D1D367C000FA2A8 /* AboutMeViewController.xib */ = {isa = PBXFileReference; fileEncoding = 4; lastKnownFileType = file.xib; path = AboutMeViewController.xib; sourceTree = "<group>"; };
		9C8F17AD009B7BFCE1BD27BC /* Pods_ShortcutKeyBook.framework */ = {isa = PBXFileReference; explicitFileType = wrapper.framework; includeInIndex = 0; path = Pods_ShortcutKeyBook.framework; sourceTree = BUILT_PRODUCTS_DIR; };
/* End PBXFileReference section */

/* Begin PBXFrameworksBuildPhase section */
		92843D3E1D155964000F9555 /* Frameworks */ = {
			isa = PBXFrameworksBuildPhase;
			buildActionMask = 2147483647;
			files = (
				921FC96A1D485A1300C0483D /* libz.tbd in Frameworks */,
				921FC9681D485A0B00C0483D /* libstdc++.tbd in Frameworks */,
				921FC9741D485D5900C0483D /* libWeChatSDK.a in Frameworks */,
				921FC9661D4859F900C0483D /* CoreTelephony.framework in Frameworks */,
				921FC9641D4859D700C0483D /* libsqlite3.tbd in Frameworks */,
				921FC9621D4859CA00C0483D /* CoreGraphics.framework in Frameworks */,
				921FC9601D4859B900C0483D /* libiconv.tbd in Frameworks */,
				921FC95E1D48598C00C0483D /* Security.framework in Frameworks */,
				921FC95C1D48593300C0483D /* SystemConfiguration.framework in Frameworks */,
				921FC9511D4858F000C0483D /* libUMSocial_Sdk_5.2.1.a in Frameworks */,
				B293D00E6154CC3C80DDB633 /* Pods_ShortcutKeyBook.framework in Frameworks */,
				921FC9731D485D5900C0483D /* libSocialWechat.a in Frameworks */,
			);
			runOnlyForDeploymentPostprocessing = 0;
		};
/* End PBXFrameworksBuildPhase section */

/* Begin PBXGroup section */
		544E4BC4D498D4DB2987A3F2 /* Frameworks */ = {
			isa = PBXGroup;
			children = (
				921FC9691D485A1300C0483D /* libz.tbd */,
				921FC9671D485A0B00C0483D /* libstdc++.tbd */,
				921FC9651D4859F900C0483D /* CoreTelephony.framework */,
				921FC9631D4859D700C0483D /* libsqlite3.tbd */,
				921FC9611D4859CA00C0483D /* CoreGraphics.framework */,
				921FC95F1D4859B900C0483D /* libiconv.tbd */,
				921FC95D1D48598C00C0483D /* Security.framework */,
				921FC95B1D48593300C0483D /* SystemConfiguration.framework */,
				9C8F17AD009B7BFCE1BD27BC /* Pods_ShortcutKeyBook.framework */,
			);
			name = Frameworks;
			sourceTree = "<group>";
		};
		921FC9351D4858F000C0483D /* UMSocial_Sdk_5.2.1 */ = {
			isa = PBXGroup;
			children = (
				921FC9361D4858F000C0483D /* UMSocialLocalizable.strings */,
				921FC9381D4858F000C0483D /* Header */,
				921FC9441D4858F000C0483D /* libUMSocial_Sdk_5.2.1.a */,
				921FC9451D4858F000C0483D /* SocialSDKXib */,
				921FC94E1D4858F000C0483D /* UMSocialSDKResourcesNew.bundle */,
			);
			path = UMSocial_Sdk_5.2.1;
			sourceTree = "<group>";
		};
		921FC9381D4858F000C0483D /* Header */ = {
			isa = PBXGroup;
			children = (
				921FC9391D4858F000C0483D /* UMSocial.h */,
				921FC93A1D4858F000C0483D /* UMSocialAccountManager.h */,
				921FC93B1D4858F000C0483D /* UMSocialBar.h */,
				921FC93C1D4858F000C0483D /* UMSocialConfig.h */,
				921FC93D1D4858F000C0483D /* UMSocialControllerService.h */,
				921FC93E1D4858F000C0483D /* UMSocialControllerServiceComment.h */,
				921FC93F1D4858F000C0483D /* UMSocialData.h */,
				921FC9401D4858F000C0483D /* UMSocialDataService.h */,
				921FC9411D4858F000C0483D /* UMSocialSnsData.h */,
				921FC9421D4858F000C0483D /* UMSocialSnsPlatformManager.h */,
				921FC9431D4858F000C0483D /* UMSocialSnsService.h */,
			);
			path = Header;
			sourceTree = "<group>";
		};
		921FC9451D4858F000C0483D /* SocialSDKXib */ = {
			isa = PBXGroup;
			children = (
				921FC9461D4858F000C0483D /* UMSCommentDetailController.xib */,
				921FC9471D4858F000C0483D /* UMSCommentInputController.xib */,
				921FC9481D4858F000C0483D /* UMSCommentInputControlleriPad.xib */,
				921FC9491D4858F000C0483D /* UMShareEditViewController.xib */,
				921FC94A1D4858F000C0483D /* UMShareEditViewControlleriPad.xib */,
				921FC94B1D4858F000C0483D /* UMSLoginViewController.xib */,
				921FC94C1D4858F000C0483D /* UMSnsAccountViewController.xib */,
				921FC94D1D4858F000C0483D /* UMSShareListController.xib */,
			);
			path = SocialSDKXib;
			sourceTree = "<group>";
		};
		921FC96B1D485D5900C0483D /* Wechat */ = {
			isa = PBXGroup;
			children = (
				921FC96C1D485D5900C0483D /* libSocialWechat.a */,
				921FC96D1D485D5900C0483D /* libWeChatSDK.a */,
				921FC96E1D485D5900C0483D /* README.txt */,
				921FC96F1D485D5900C0483D /* UMSocialWechatHandler.h */,
				921FC9701D485D5900C0483D /* WechatAuthSDK.h */,
				921FC9711D485D5900C0483D /* WXApi.h */,
				921FC9721D485D5900C0483D /* WXApiObject.h */,
			);
			path = Wechat;
			sourceTree = "<group>";
		};
		92304C381D443D0B00627100 /* All */ = {
			isa = PBXGroup;
			children = (
				92843D601D155A31000F9555 /* SoftwareListViewController.h */,
				92843D611D155A31000F9555 /* SoftwareListViewController.m */,
				92843D621D155A31000F9555 /* SoftwareListViewController.xib */,
			);
			name = All;
			sourceTree = "<group>";
		};
		92304C391D443D1F00627100 /* MyFavor */ = {
			isa = PBXGroup;
			children = (
				9241A6FB1D20DF1A00FF47F1 /* MyFavorViewController.h */,
				9241A6FC1D20DF1A00FF47F1 /* MyFavorViewController.m */,
			);
			name = MyFavor;
			sourceTree = "<group>";
		};
		92304C3A1D443D3900627100 /* MyCreated */ = {
			isa = PBXGroup;
			children = (
				9241A6FE1D20E22900FF47F1 /* MyCreatedViewController.h */,
				9241A6FF1D20E22900FF47F1 /* MyCreatedViewController.m */,
			);
			name = MyCreated;
			sourceTree = "<group>";
		};
		92304C3B1D443D6700627100 /* Search */ = {
			isa = PBXGroup;
			children = (
				92797BB01D18FB2E00EADEE4 /* SoftwareSearchViewController.h */,
				92797BB11D18FB2E00EADEE4 /* SoftwareSearchViewController.m */,
			);
			name = Search;
			sourceTree = "<group>";
		};
		92304C3C1D443DE200627100 /* Add */ = {
			isa = PBXGroup;
			children = (
				92843D8C1D1626E4000F9555 /* AddShortcutTableViewCell.h */,
				92843D8D1D1626E4000F9555 /* AddShortcutTableViewCell.m */,
				92843D8E1D1626E4000F9555 /* AddShortcutTableViewCell.xib */,
				92843D871D162588000F9555 /* AddShortcutViewController.h */,
				92843D881D162588000F9555 /* AddShortcutViewController.m */,
				92843D891D162588000F9555 /* AddShortcutViewController.xib */,
			);
			name = Add;
			sourceTree = "<group>";
		};
		92304C3D1D443DFB00627100 /* Add */ = {
			isa = PBXGroup;
			children = (
				923F50BA1D2B79F800A46AA6 /* AddCommentViewController.h */,
				923F50BB1D2B79F800A46AA6 /* AddCommentViewController.m */,
				923F50BC1D2B79F800A46AA6 /* AddCommentViewController.xib */,
			);
			name = Add;
			sourceTree = "<group>";
		};
		923F507A1D262C4900A46AA6 /* ThirdPart */ = {
			isa = PBXGroup;
			children = (
				921FC96B1D485D5900C0483D /* Wechat */,
				921FC9351D4858F000C0483D /* UMSocial_Sdk_5.2.1 */,
				923F507B1D262C6200A46AA6 /* XMLDictionary.h */,
				923F507C1D262C6200A46AA6 /* XMLDictionary.m */,
			);
			name = ThirdPart;
			sourceTree = "<group>";
		};
		923F507E1D26335E00A46AA6 /* Software */ = {
			isa = PBXGroup;
			children = (
				923F507F1D26338000A46AA6 /* SoftwareManager.h */,
				923F50801D26338000A46AA6 /* SoftwareManager.m */,
				923F508D1D27727A00A46AA6 /* SoftwareItem.h */,
				923F508E1D27727A00A46AA6 /* SoftwareItem.m */,
				923F50901D27BA5F00A46AA6 /* ShortcutkeyItem.h */,
				923F50911D27BA5F00A46AA6 /* ShortcutkeyItem.m */,
				923F50931D27C78F00A46AA6 /* CommentItem.h */,
				923F50941D27C78F00A46AA6 /* CommentItem.m */,
			);
			name = Software;
			sourceTree = "<group>";
		};
		9241A6D71D1FE27E00FF47F1 /* Resorces */ = {
			isa = PBXGroup;
			children = (
				92843D501D155964000F9555 /* Assets.xcassets */,
			);
			name = Resorces;
			sourceTree = "<group>";
		};
		9241A6D81D1FE29B00FF47F1 /* AppGlobal */ = {
			isa = PBXGroup;
			children = (
				92843D471D155964000F9555 /* AppDelegate.h */,
				92843D481D155964000F9555 /* AppDelegate.m */,
				9241A7301D22274F00FF47F1 /* Constants.h */,
			);
			name = AppGlobal;
			sourceTree = "<group>";
		};
		9241A6FA1D20D94B00FF47F1 /* UI */ = {
			isa = PBXGroup;
			children = (
				92BF5C201D1BC87D000FA2A8 /* Account */,
				92843D731D159903000F9555 /* Software */,
				92843D751D159928000F9555 /* ShortcutKey */,
				92BF5C5C1D1CE318000FA2A8 /* Comment */,
				92843D741D159918000F9555 /* About */,
			);
			name = UI;
			sourceTree = "<group>";
		};
		9241A71A1D215D5800FF47F1 /* Common */ = {
			isa = PBXGroup;
			children = (
				927DB9311D32A72A000D94B6 /* Classes */,
				9241A71B1D215D6600FF47F1 /* Category */,
			);
			name = Common;
			sourceTree = "<group>";
		};
		9241A71B1D215D6600FF47F1 /* Category */ = {
			isa = PBXGroup;
			children = (
				9241A7271D2218E000FF47F1 /* WLC.h */,
				9241A7241D22182B00FF47F1 /* UIView+WLC.h */,
				9241A7251D22182B00FF47F1 /* UIView+WLC.m */,
				9241A71C1D215DC100FF47F1 /* UIViewController+WLC.h */,
				9241A71D1D215DC100FF47F1 /* UIViewController+WLC.m */,
				923F50821D26367200A46AA6 /* NSObject+Networking.h */,
				923F50831D26367200A46AA6 /* NSObject+Networking.m */,
				923F50B01D2AC49F00A46AA6 /* NSString+WLC.h */,
				923F50B11D2AC49F00A46AA6 /* NSString+WLC.m */,
				923F50B71D2B4D6800A46AA6 /* NSString+URLEncode.h */,
				923F50B81D2B4D6800A46AA6 /* NSString+URLEncode.m */,
				927DB93B1D32A9BD000D94B6 /* UILabel+WLC.h */,
				927DB93C1D32A9BD000D94B6 /* UILabel+WLC.m */,
				927DB93E1D32AA3B000D94B6 /* UIButton+WLC.h */,
				927DB93F1D32AA3B000D94B6 /* UIButton+WLC.m */,
			);
			name = Category;
			sourceTree = "<group>";
		};
		9241A7281D221E7800FF47F1 /* Modules */ = {
			isa = PBXGroup;
			children = (
				923F507E1D26335E00A46AA6 /* Software */,
				9241A7291D221EA600FF47F1 /* Account */,
			);
			name = Modules;
			sourceTree = "<group>";
		};
		9241A7291D221EA600FF47F1 /* Account */ = {
			isa = PBXGroup;
			children = (
				9241A72A1D221EC600FF47F1 /* LoginManager.h */,
				9241A72B1D221EC600FF47F1 /* LoginManager.m */,
				9241A72D1D221EE800FF47F1 /* UserInfo.h */,
				9241A72E1D221EE800FF47F1 /* UserInfo.m */,
			);
			name = Account;
			sourceTree = "<group>";
		};
		927DB9311D32A72A000D94B6 /* Classes */ = {
			isa = PBXGroup;
			children = (
				92B95E051D39B61500E48581 /* EmptyView.h */,
				92B95E061D39B61500E48581 /* EmptyView.m */,
				92B95E081D39B62F00E48581 /* EmptyView.xib */,
				927DB9321D32A768000D94B6 /* WLCToastView.h */,
				927DB9331D32A768000D94B6 /* WLCToastView.m */,
				927DB9341D32A768000D94B6 /* WLCToastView.xib */,
				92B95DFB1D38AA1600E48581 /* OnePixelHeightView.h */,
				92B95DFC1D38AA1600E48581 /* OnePixelHeightView.m */,
				92304C301D436BE100627100 /* WLCPraiseView.h */,
				92304C311D436BE100627100 /* WLCPraiseView.m */,
				92304C351D43774200627100 /* WLCCommentView.h */,
				92304C361D43774200627100 /* WLCCommentView.m */,
			);
			name = Classes;
			sourceTree = "<group>";
		};
		92843D381D155964000F9555 = {
			isa = PBXGroup;
			children = (
				92843D431D155964000F9555 /* ShortcutKeyBook */,
				92843D421D155964000F9555 /* Products */,
				F6D7215FB44B324A0C38A13C /* Pods */,
				544E4BC4D498D4DB2987A3F2 /* Frameworks */,
			);
			sourceTree = "<group>";
		};
		92843D421D155964000F9555 /* Products */ = {
			isa = PBXGroup;
			children = (
				92843D411D155964000F9555 /* ShortcutKeyBook.app */,
			);
			name = Products;
			sourceTree = "<group>";
		};
		92843D431D155964000F9555 /* ShortcutKeyBook */ = {
			isa = PBXGroup;
			children = (
				923F507A1D262C4900A46AA6 /* ThirdPart */,
				9241A71A1D215D5800FF47F1 /* Common */,
				9241A7281D221E7800FF47F1 /* Modules */,
				9241A6FA1D20D94B00FF47F1 /* UI */,
				9241A6D81D1FE29B00FF47F1 /* AppGlobal */,
				92843D441D155964000F9555 /* Supporting Files */,
				9241A6D71D1FE27E00FF47F1 /* Resorces */,
			);
			path = ShortcutKeyBook;
			sourceTree = "<group>";
		};
		92843D441D155964000F9555 /* Supporting Files */ = {
			isa = PBXGroup;
			children = (
				92843D551D155964000F9555 /* Info.plist */,
				9241A7231D2213A500FF47F1 /* PrefixHeader.pch */,
				92843D451D155964000F9555 /* main.m */,
				929A46D91D501A3000882690 /* LaunchScreen.xib */,
			);
			name = "Supporting Files";
			sourceTree = "<group>";
		};
		92843D731D159903000F9555 /* Software */ = {
			isa = PBXGroup;
			children = (
				92304C3B1D443D6700627100 /* Search */,
				92304C3A1D443D3900627100 /* MyCreated */,
				92304C391D443D1F00627100 /* MyFavor */,
				92304C381D443D0B00627100 /* All */,
				92843D6E1D1590FC000F9555 /* SoftwareCell.h */,
				92843D6F1D1590FC000F9555 /* SoftwareCell.m */,
				92843D701D1590FC000F9555 /* SoftwareCell.xib */,
				9241A6DD1D1FEF5700FF47F1 /* BaseViewController.h */,
				9241A6DE1D1FEF5700FF47F1 /* BaseViewController.m */,
				9241A6DF1D1FEF5700FF47F1 /* BaseViewController.xib */,
			);
			name = Software;
			sourceTree = "<group>";
		};
		92843D741D159918000F9555 /* About */ = {
			isa = PBXGroup;
			children = (
				92BF5C6F1D1D367C000FA2A8 /* AboutMeViewController.h */,
				92BF5C701D1D367C000FA2A8 /* AboutMeViewController.m */,
				92BF5C711D1D367C000FA2A8 /* AboutMeViewController.xib */,
				928014AD1D4CEC3B004DEA23 /* SoftwareInfoViewController.h */,
				928014AE1D4CEC3B004DEA23 /* SoftwareInfoViewController.m */,
				928014AF1D4CEC3B004DEA23 /* SoftwareInfoViewController.xib */,
			);
			name = About;
			sourceTree = "<group>";
		};
		92843D751D159928000F9555 /* ShortcutKey */ = {
			isa = PBXGroup;
			children = (
				92304C3C1D443DE200627100 /* Add */,
				92843D7B1D159B84000F9555 /* ShortcutKeyCell.h */,
				92843D7C1D159B84000F9555 /* ShortcutKeyCell.m */,
				92843D7D1D159B84000F9555 /* ShortcutKeyCell.xib */,
				92843D801D15A032000F9555 /* ShortcutKeyViewController.h */,
				92843D811D15A032000F9555 /* ShortcutKeyViewController.m */,
				92843D821D15A032000F9555 /* ShortcutKeyViewController.xib */,
			);
			name = ShortcutKey;
			sourceTree = "<group>";
		};
		92BF5C201D1BC87D000FA2A8 /* Account */ = {
			isa = PBXGroup;
			children = (
				92BF5C211D1BC90A000FA2A8 /* LoginViewController.h */,
				92BF5C221D1BC90A000FA2A8 /* LoginViewController.m */,
				92BF5C231D1BC90A000FA2A8 /* LoginViewController.xib */,
			);
			name = Account;
			sourceTree = "<group>";
		};
		92BF5C5C1D1CE318000FA2A8 /* Comment */ = {
			isa = PBXGroup;
			children = (
				92304C3D1D443DFB00627100 /* Add */,
				92BF5C5D1D1CE33D000FA2A8 /* CommentViewController.h */,
				92BF5C5E1D1CE33D000FA2A8 /* CommentViewController.m */,
				92BF5C5F1D1CE33D000FA2A8 /* CommentViewController.xib */,
				92BF5C661D1D1586000FA2A8 /* CommentTableViewCell.h */,
				92BF5C671D1D1586000FA2A8 /* CommentTableViewCell.m */,
				92BF5C681D1D1586000FA2A8 /* CommentTableViewCell.xib */,
			);
			name = Comment;
			sourceTree = "<group>";
		};
		F6D7215FB44B324A0C38A13C /* Pods */ = {
			isa = PBXGroup;
			children = (
				7B5BDAAB39E570D1BD3FE1C0 /* Pods-ShortcutKeyBook.debug.xcconfig */,
				6728C3EF5DFEE488CDC5B3E1 /* Pods-ShortcutKeyBook.release.xcconfig */,
			);
			name = Pods;
			sourceTree = "<group>";
		};
/* End PBXGroup section */

/* Begin PBXNativeTarget section */
		92843D401D155964000F9555 /* ShortcutKeyBook */ = {
			isa = PBXNativeTarget;
			buildConfigurationList = 92843D581D155964000F9555 /* Build configuration list for PBXNativeTarget "ShortcutKeyBook" */;
			buildPhases = (
				61303865C42CF6BE2B2D74D5 /* [CP] Check Pods Manifest.lock */,
				92843D3D1D155964000F9555 /* Sources */,
				92843D3E1D155964000F9555 /* Frameworks */,
				92843D3F1D155964000F9555 /* Resources */,
				C78823DB2A5A66007449214F /* [CP] Embed Pods Frameworks */,
				68F5BC1522E140026F5B066E /* [CP] Copy Pods Resources */,
			);
			buildRules = (
			);
			dependencies = (
			);
			name = ShortcutKeyBook;
			productName = ShortcutKeyBook;
			productReference = 92843D411D155964000F9555 /* ShortcutKeyBook.app */;
			productType = "com.apple.product-type.application";
		};
/* End PBXNativeTarget section */

/* Begin PBXProject section */
		92843D391D155964000F9555 /* Project object */ = {
			isa = PBXProject;
			attributes = {
				LastUpgradeCheck = 0720;
				ORGANIZATIONNAME = springcome;
				TargetAttributes = {
					92843D401D155964000F9555 = {
						CreatedOnToolsVersion = 7.2;
					};
				};
			};
			buildConfigurationList = 92843D3C1D155964000F9555 /* Build configuration list for PBXProject "ShortcutKeyBook" */;
			compatibilityVersion = "Xcode 3.2";
			developmentRegion = English;
			hasScannedForEncodings = 0;
			knownRegions = (
				en,
				Base,
				"zh-Hans",
			);
			mainGroup = 92843D381D155964000F9555;
			productRefGroup = 92843D421D155964000F9555 /* Products */;
			projectDirPath = "";
			projectRoot = "";
			targets = (
				92843D401D155964000F9555 /* ShortcutKeyBook */,
			);
		};
/* End PBXProject section */

/* Begin PBXResourcesBuildPhase section */
		92843D3F1D155964000F9555 /* Resources */ = {
			isa = PBXResourcesBuildPhase;
			buildActionMask = 2147483647;
			files = (
				921FC9591D4858F000C0483D /* UMSShareListController.xib in Resources */,
				928014B11D4CEC3B004DEA23 /* SoftwareInfoViewController.xib in Resources */,
				921FC9521D4858F000C0483D /* UMSCommentDetailController.xib in Resources */,
				921FC9581D4858F000C0483D /* UMSnsAccountViewController.xib in Resources */,
				921FC9571D4858F000C0483D /* UMSLoginViewController.xib in Resources */,
				929A46DA1D501A3000882690 /* LaunchScreen.xib in Resources */,
				92BF5C611D1CE33D000FA2A8 /* CommentViewController.xib in Resources */,
				921FC9531D4858F000C0483D /* UMSCommentInputController.xib in Resources */,
				92BF5C731D1D367C000FA2A8 /* AboutMeViewController.xib in Resources */,
				92BF5C251D1BC90A000FA2A8 /* LoginViewController.xib in Resources */,
				92843D721D1590FC000F9555 /* SoftwareCell.xib in Resources */,
				92843D8B1D162588000F9555 /* AddShortcutViewController.xib in Resources */,
				921FC9751D485D5900C0483D /* README.txt in Resources */,
				9241A6E11D1FEF5700FF47F1 /* BaseViewController.xib in Resources */,
				921FC9541D4858F000C0483D /* UMSCommentInputControlleriPad.xib in Resources */,
				921FC95A1D4858F000C0483D /* UMSocialSDKResourcesNew.bundle in Resources */,
				92BF5C6A1D1D1586000FA2A8 /* CommentTableViewCell.xib in Resources */,
				92843D511D155964000F9555 /* Assets.xcassets in Resources */,
				92B95E091D39B62F00E48581 /* EmptyView.xib in Resources */,
				921FC9501D4858F000C0483D /* UMSocialLocalizable.strings in Resources */,
				92843D841D15A032000F9555 /* ShortcutKeyViewController.xib in Resources */,
				921FC9561D4858F000C0483D /* UMShareEditViewControlleriPad.xib in Resources */,
				921FC9551D4858F000C0483D /* UMShareEditViewController.xib in Resources */,
				92843D7F1D159B84000F9555 /* ShortcutKeyCell.xib in Resources */,
				927DB9361D32A768000D94B6 /* WLCToastView.xib in Resources */,
				923F50BE1D2B79F800A46AA6 /* AddCommentViewController.xib in Resources */,
				92843D641D155A31000F9555 /* SoftwareListViewController.xib in Resources */,
				92843D901D1626E4000F9555 /* AddShortcutTableViewCell.xib in Resources */,
			);
			runOnlyForDeploymentPostprocessing = 0;
		};
/* End PBXResourcesBuildPhase section */

/* Begin PBXShellScriptBuildPhase section */
		61303865C42CF6BE2B2D74D5 /* [CP] Check Pods Manifest.lock */ = {
			isa = PBXShellScriptBuildPhase;
			buildActionMask = 2147483647;
			files = (
			);
			inputPaths = (
			);
			name = "[CP] Check Pods Manifest.lock";
			outputPaths = (
			);
			runOnlyForDeploymentPostprocessing = 0;
			shellPath = /bin/sh;
			shellScript = "diff \"${PODS_ROOT}/../Podfile.lock\" \"${PODS_ROOT}/Manifest.lock\" > /dev/null\nif [[ $? != 0 ]] ; then\n    cat << EOM\nerror: The sandbox is not in sync with the Podfile.lock. Run 'pod install' or update your CocoaPods installation.\nEOM\n    exit 1\nfi\n";
			showEnvVarsInLog = 0;
		};
		68F5BC1522E140026F5B066E /* [CP] Copy Pods Resources */ = {
			isa = PBXShellScriptBuildPhase;
			buildActionMask = 2147483647;
			files = (
			);
			inputPaths = (
			);
			name = "[CP] Copy Pods Resources";
			outputPaths = (
			);
			runOnlyForDeploymentPostprocessing = 0;
			shellPath = /bin/sh;
			shellScript = "\"${SRCROOT}/Pods/Target Support Files/Pods-ShortcutKeyBook/Pods-ShortcutKeyBook-resources.sh\"\n";
			showEnvVarsInLog = 0;
		};
		C78823DB2A5A66007449214F /* [CP] Embed Pods Frameworks */ = {
			isa = PBXShellScriptBuildPhase;
			buildActionMask = 2147483647;
			files = (
			);
			inputPaths = (
			);
			name = "[CP] Embed Pods Frameworks";
			outputPaths = (
			);
			runOnlyForDeploymentPostprocessing = 0;
			shellPath = /bin/sh;
			shellScript = "\"${SRCROOT}/Pods/Target Support Files/Pods-ShortcutKeyBook/Pods-ShortcutKeyBook-frameworks.sh\"\n";
			showEnvVarsInLog = 0;
		};
/* End PBXShellScriptBuildPhase section */

/* Begin PBXSourcesBuildPhase section */
		92843D3D1D155964000F9555 /* Sources */ = {
			isa = PBXSourcesBuildPhase;
			buildActionMask = 2147483647;
			files = (
				923F50921D27BA5F00A46AA6 /* ShortcutkeyItem.m in Sources */,
				9241A71E1D215DC100FF47F1 /* UIViewController+WLC.m in Sources */,
				92BF5C601D1CE33D000FA2A8 /* CommentViewController.m in Sources */,
				923F50B91D2B4D6800A46AA6 /* NSString+URLEncode.m in Sources */,
				9241A7001D20E22900FF47F1 /* MyCreatedViewController.m in Sources */,
				928014B01D4CEC3B004DEA23 /* SoftwareInfoViewController.m in Sources */,
				923F508F1D27727A00A46AA6 /* SoftwareItem.m in Sources */,
				92BF5C241D1BC90A000FA2A8 /* LoginViewController.m in Sources */,
				92843D711D1590FC000F9555 /* SoftwareCell.m in Sources */,
				92797BB31D18FB2E00EADEE4 /* SoftwareSearchViewController.m in Sources */,
				927DB9351D32A768000D94B6 /* WLCToastView.m in Sources */,
				92843D491D155964000F9555 /* AppDelegate.m in Sources */,
				9241A6FD1D20DF1A00FF47F1 /* MyFavorViewController.m in Sources */,
				9241A72F1D221EE800FF47F1 /* UserInfo.m in Sources */,
				9241A6E01D1FEF5700FF47F1 /* BaseViewController.m in Sources */,
				927DB93D1D32A9BD000D94B6 /* UILabel+WLC.m in Sources */,
				92843D8A1D162588000F9555 /* AddShortcutViewController.m in Sources */,
				92BF5C691D1D1586000FA2A8 /* CommentTableViewCell.m in Sources */,
				923F50951D27C78F00A46AA6 /* CommentItem.m in Sources */,
				9241A72C1D221EC600FF47F1 /* LoginManager.m in Sources */,
				923F50841D26367200A46AA6 /* NSObject+Networking.m in Sources */,
				927DB9401D32AA3B000D94B6 /* UIButton+WLC.m in Sources */,
				92B95DFD1D38AA1600E48581 /* OnePixelHeightView.m in Sources */,
				92B95E071D39B61500E48581 /* EmptyView.m in Sources */,
				92843D831D15A032000F9555 /* ShortcutKeyViewController.m in Sources */,
				92843D7E1D159B84000F9555 /* ShortcutKeyCell.m in Sources */,
				923F50BD1D2B79F800A46AA6 /* AddCommentViewController.m in Sources */,
				9241A7261D22182B00FF47F1 /* UIView+WLC.m in Sources */,
				92843D461D155964000F9555 /* main.m in Sources */,
				923F507D1D262C6200A46AA6 /* XMLDictionary.m in Sources */,
				923F50B21D2AC49F00A46AA6 /* NSString+WLC.m in Sources */,
				92304C321D436BE100627100 /* WLCPraiseView.m in Sources */,
				92304C371D43774200627100 /* WLCCommentView.m in Sources */,
				923F50811D26338000A46AA6 /* SoftwareManager.m in Sources */,
				92843D8F1D1626E4000F9555 /* AddShortcutTableViewCell.m in Sources */,
				92843D631D155A31000F9555 /* SoftwareListViewController.m in Sources */,
				92BF5C721D1D367C000FA2A8 /* AboutMeViewController.m in Sources */,
			);
			runOnlyForDeploymentPostprocessing = 0;
		};
/* End PBXSourcesBuildPhase section */

/* Begin PBXVariantGroup section */
		921FC9361D4858F000C0483D /* UMSocialLocalizable.strings */ = {
			isa = PBXVariantGroup;
			children = (
				921FC9371D4858F000C0483D /* en */,
				921FC94F1D4858F000C0483D /* zh-Hans */,
			);
			name = UMSocialLocalizable.strings;
			sourceTree = "<group>";
		};
/* End PBXVariantGroup section */

/* Begin XCBuildConfiguration section */
		92843D561D155964000F9555 /* Debug */ = {
			isa = XCBuildConfiguration;
			buildSettings = {
				ALWAYS_SEARCH_USER_PATHS = NO;
				CLANG_CXX_LANGUAGE_STANDARD = "gnu++0x";
				CLANG_CXX_LIBRARY = "libc++";
				CLANG_ENABLE_MODULES = YES;
				CLANG_ENABLE_OBJC_ARC = YES;
				CLANG_WARN_BOOL_CONVERSION = YES;
				CLANG_WARN_CONSTANT_CONVERSION = YES;
				CLANG_WARN_DIRECT_OBJC_ISA_USAGE = YES_ERROR;
				CLANG_WARN_EMPTY_BODY = YES;
				CLANG_WARN_ENUM_CONVERSION = YES;
				CLANG_WARN_INT_CONVERSION = YES;
				CLANG_WARN_OBJC_ROOT_CLASS = YES_ERROR;
				CLANG_WARN_UNREACHABLE_CODE = YES;
				CLANG_WARN__DUPLICATE_METHOD_MATCH = YES;
				"CODE_SIGN_IDENTITY[sdk=iphoneos*]" = "iPhone Developer";
				COPY_PHASE_STRIP = NO;
				DEBUG_INFORMATION_FORMAT = dwarf;
				ENABLE_STRICT_OBJC_MSGSEND = YES;
				ENABLE_TESTABILITY = YES;
				GCC_C_LANGUAGE_STANDARD = gnu99;
				GCC_DYNAMIC_NO_PIC = NO;
				GCC_NO_COMMON_BLOCKS = YES;
				GCC_OPTIMIZATION_LEVEL = 0;
				GCC_PREPROCESSOR_DEFINITIONS = (
					"DEBUG=1",
					"$(inherited)",
				);
				GCC_WARN_64_TO_32_BIT_CONVERSION = YES;
				GCC_WARN_ABOUT_RETURN_TYPE = YES_ERROR;
				GCC_WARN_UNDECLARED_SELECTOR = YES;
				GCC_WARN_UNINITIALIZED_AUTOS = YES_AGGRESSIVE;
				GCC_WARN_UNUSED_FUNCTION = YES;
				GCC_WARN_UNUSED_VARIABLE = YES;
				IPHONEOS_DEPLOYMENT_TARGET = 8.0;
				MTL_ENABLE_DEBUG_INFO = YES;
				ONLY_ACTIVE_ARCH = YES;
				SDKROOT = iphoneos;
				TARGETED_DEVICE_FAMILY = "1,2";
			};
			name = Debug;
		};
		92843D571D155964000F9555 /* Release */ = {
			isa = XCBuildConfiguration;
			buildSettings = {
				ALWAYS_SEARCH_USER_PATHS = NO;
				CLANG_CXX_LANGUAGE_STANDARD = "gnu++0x";
				CLANG_CXX_LIBRARY = "libc++";
				CLANG_ENABLE_MODULES = YES;
				CLANG_ENABLE_OBJC_ARC = YES;
				CLANG_WARN_BOOL_CONVERSION = YES;
				CLANG_WARN_CONSTANT_CONVERSION = YES;
				CLANG_WARN_DIRECT_OBJC_ISA_USAGE = YES_ERROR;
				CLANG_WARN_EMPTY_BODY = YES;
				CLANG_WARN_ENUM_CONVERSION = YES;
				CLANG_WARN_INT_CONVERSION = YES;
				CLANG_WARN_OBJC_ROOT_CLASS = YES_ERROR;
				CLANG_WARN_UNREACHABLE_CODE = YES;
				CLANG_WARN__DUPLICATE_METHOD_MATCH = YES;
				"CODE_SIGN_IDENTITY[sdk=iphoneos*]" = "iPhone Developer";
				COPY_PHASE_STRIP = NO;
				DEBUG_INFORMATION_FORMAT = "dwarf-with-dsym";
				ENABLE_NS_ASSERTIONS = NO;
				ENABLE_STRICT_OBJC_MSGSEND = YES;
				GCC_C_LANGUAGE_STANDARD = gnu99;
				GCC_NO_COMMON_BLOCKS = YES;
				GCC_WARN_64_TO_32_BIT_CONVERSION = YES;
				GCC_WARN_ABOUT_RETURN_TYPE = YES_ERROR;
				GCC_WARN_UNDECLARED_SELECTOR = YES;
				GCC_WARN_UNINITIALIZED_AUTOS = YES_AGGRESSIVE;
				GCC_WARN_UNUSED_FUNCTION = YES;
				GCC_WARN_UNUSED_VARIABLE = YES;
				IPHONEOS_DEPLOYMENT_TARGET = 8.0;
				MTL_ENABLE_DEBUG_INFO = NO;
				SDKROOT = iphoneos;
				TARGETED_DEVICE_FAMILY = "1,2";
				VALIDATE_PRODUCT = YES;
			};
			name = Release;
		};
		92843D591D155964000F9555 /* Debug */ = {
			isa = XCBuildConfiguration;
			baseConfigurationReference = 7B5BDAAB39E570D1BD3FE1C0 /* Pods-ShortcutKeyBook.debug.xcconfig */;
			buildSettings = {
				ASSETCATALOG_COMPILER_APPICON_NAME = AppIcon;
				CODE_SIGN_IDENTITY = "iPhone Developer";
				ENABLE_BITCODE = NO;
				GCC_PRECOMPILE_PREFIX_HEADER = YES;
				GCC_PREFIX_HEADER = "$(PROJECT_DIR)/ShortcutKeyBook/PrefixHeader.pch";
				HEADER_SEARCH_PATHS = "$(SRCROOT)/Pods/**";
				INFOPLIST_FILE = ShortcutKeyBook/Info.plist;
				IPHONEOS_DEPLOYMENT_TARGET = 8.0;
				LD_RUNPATH_SEARCH_PATHS = "$(inherited) @executable_path/Frameworks";
				LIBRARY_SEARCH_PATHS = (
					"$(inherited)",
					"$(PROJECT_DIR)/ShortcutKeyBook/UMSocial_Sdk_5.2.1",
					"$(PROJECT_DIR)/ShortcutKeyBook/Wechat",
				);
				PRODUCT_BUNDLE_IDENTIFIER = com.springcome.ShortcutKeyBook;
				PRODUCT_NAME = "$(TARGET_NAME)";
			};
			name = Debug;
		};
		92843D5A1D155964000F9555 /* Release */ = {
			isa = XCBuildConfiguration;
			baseConfigurationReference = 6728C3EF5DFEE488CDC5B3E1 /* Pods-ShortcutKeyBook.release.xcconfig */;
			buildSettings = {
				ASSETCATALOG_COMPILER_APPICON_NAME = AppIcon;
				CODE_SIGN_IDENTITY = "iPhone Developer";
				ENABLE_BITCODE = NO;
				GCC_PRECOMPILE_PREFIX_HEADER = YES;
				HEADER_SEARCH_PATHS = "$(SRCROOT)/Pods/**";
				INFOPLIST_FILE = ShortcutKeyBook/Info.plist;
				IPHONEOS_DEPLOYMENT_TARGET = 8.0;
				LD_RUNPATH_SEARCH_PATHS = "$(inherited) @executable_path/Frameworks";
				LIBRARY_SEARCH_PATHS = (
					"$(inherited)",
					"$(PROJECT_DIR)/ShortcutKeyBook/UMSocial_Sdk_5.2.1",
					"$(PROJECT_DIR)/ShortcutKeyBook/Wechat",
				);
				PRODUCT_BUNDLE_IDENTIFIER = com.springcome.ShortcutKeyBook;
				PRODUCT_NAME = "$(TARGET_NAME)";
			};
			name = Release;
		};
/* End XCBuildConfiguration section */

/* Begin XCConfigurationList section */
		92843D3C1D155964000F9555 /* Build configuration list for PBXProject "ShortcutKeyBook" */ = {
			isa = XCConfigurationList;
			buildConfigurations = (
				92843D561D155964000F9555 /* Debug */,
				92843D571D155964000F9555 /* Release */,
			);
			defaultConfigurationIsVisible = 0;
			defaultConfigurationName = Release;
		};
		92843D581D155964000F9555 /* Build configuration list for PBXNativeTarget "ShortcutKeyBook" */ = {
			isa = XCConfigurationList;
			buildConfigurations = (
				92843D591D155964000F9555 /* Debug */,
				92843D5A1D155964000F9555 /* Release */,
			);
			defaultConfigurationIsVisible = 0;
			defaultConfigurationName = Release;
		};
/* End XCConfigurationList section */
	};
	rootObject = 92843D391D155964000F9555 /* Project object */;
}
